
Microsoft Visual Studio Solution File, Format Version 12.00
# Visual Studio Version 16
VisualStudioVersion = 16.0.28917.182
MinimumVisualStudioVersion = 10.0.40219.1
Project("{9A19103F-16F7-4668-BE54-9A1E7A4F7556}") = "SenseHat.DotNetCore.Common", "SenseHat.DotNetCore.Common\SenseHat.DotNetCore.Common.csproj", "{2491F45C-5F5A-4D36-B0EF-9083DDA10B9D}"
EndProject
Project("{9A19103F-16F7-4668-BE54-9A1E7A4F7556}") = "SenseHat.DotNetCore.ConsoleApp", "SenseHat.DotNetCore.ConsoleApp\SenseHat.DotNetCore.ConsoleApp.csproj", "{B126B3B0-CF98-44AF-AAA6-DC3F3172FE51}"
EndProject
Project("{FAE04EC0-301F-11D3-BF4B-00C04F79EFBC}") = "SenseHat.DotNetCore.WebApp", "SenseHat.DotNetCore.WebApp\SenseHat.DotNetCore.WebApp.csproj", "{67AE322D-FD42-482D-AFFF-B67F1B3BAA19}"
EndProject
Global
	GlobalSection(SolutionConfigurationPlatforms) = preSolution
		Debug|Any CPU = Debug|Any CPU
		Release|Any CPU = Release|Any CPU
	EndGlobalSection
	GlobalSection(ProjectConfigurationPlatforms) = postSolution
		{2491F45C-5F5A-4D36-B0EF-9083DDA10B9D}.Debug|Any CPU.ActiveCfg = Debug|Any CPU
		{2491F45C-5F5A-4D36-B0EF-9083DDA10B9D}.Debug|Any CPU.Build.0 = Debug|Any CPU
		{2491F45C-5F5A-4D36-B0EF-9083DDA10B9D}.Release|Any CPU.ActiveCfg = Release|Any CPU
		{2491F45C-5F5A-4D36-B0EF-9083DDA10B9D}.Release|Any CPU.Build.0 = Release|Any CPU
		{B126B3B0-CF98-44AF-AAA6-DC3F3172FE51}.Debug|Any CPU.ActiveCfg = Debug|Any CPU
		{B126B3B0-CF98-44AF-AAA6-DC3F3172FE51}.Debug|Any CPU.Build.0 = Debug|Any CPU
		{B126B3B0-CF98-44AF-AAA6-DC3F3172FE51}.Release|Any CPU.ActiveCfg = Release|Any CPU
		{B126B3B0-CF98-44AF-AAA6-DC3F3172FE51}.Release|Any CPU.Build.0 = Release|Any CPU
		{67AE322D-FD42-482D-AFFF-B67F1B3BAA19}.Debug|Any CPU.ActiveCfg = Debug|Any CPU
		{67AE322D-FD42-482D-AFFF-B67F1B3BAA19}.Debug|Any CPU.Build.0 = Debug|Any CPU
		{67AE322D-FD42-482D-AFFF-B67F1B3BAA19}.Release|Any CPU.ActiveCfg = Release|Any CPU
		{67AE322D-FD42-482D-AFFF-B67F1B3BAA19}.Release|Any CPU.Build.0 = Release|Any CPU
	EndGlobalSection
	GlobalSection(SolutionProperties) = preSolution
		HideSolutionNode = FALSE
	EndGlobalSection
	GlobalSection(ExtensibilityGlobals) = postSolution
		SolutionGuid = {CAF719C6-8FF9-41F7-A59B-ED1934F9B4CA}
	EndGlobalSection
EndGlobal
